
Microsoft Visual Studio Solution File, Format Version 12.00
# Visual Studio 15
VisualStudioVersion = 15.0.28010.2046
MinimumVisualStudioVersion = 10.0.40219.1
Project("{FAE04EC0-301F-11D3-BF4B-00C04F79EFBC}") = "AnotherMVVMDemo", "AnotherMVVMDemo\AnotherMVVMDemo.csproj", "{0A894DE6-CDAC-4007-8E14-1C0BED90FA04}"
EndProject
Global
	GlobalSection(SolutionConfigurationPlatforms) = preSolution
		Debug|Any CPU = Debug|Any CPU
		Release|Any CPU = Release|Any CPU
	EndGlobalSection
	GlobalSection(ProjectConfigurationPlatforms) = postSolution
		{0A894DE6-CDAC-4007-8E14-1C0BED90FA04}.Debug|Any CPU.ActiveCfg = Debug|Any CPU
		{0A894DE6-CDAC-4007-8E14-1C0BED90FA04}.Debug|Any CPU.Build.0 = Debug|Any CPU
		{0A894DE6-CDAC-4007-8E14-1C0BED90FA04}.Release|Any CPU.ActiveCfg = Release|Any CPU
		{0A894DE6-CDAC-4007-8E14-1C0BED90FA04}.Release|Any CPU.Build.0 = Release|Any CPU
	EndGlobalSection
	GlobalSection(SolutionProperties) = preSolution
		HideSolutionNode = FALSE
	EndGlobalSection
	GlobalSection(ExtensibilityGlobals) = postSolution
		SolutionGuid = {2C156F07-3961-48AD-8DE4-271B09A72753}
	EndGlobalSection
EndGlobal
